
Microsoft Visual Studio Solution File, Format Version 12.00
# Visual Studio Version 17
VisualStudioVersion = 17.10.35013.160
MinimumVisualStudioVersion = 10.0.40219.1
Project("{FAE04EC0-301F-11D3-BF4B-00C04F79EFBC}") = "StaX.Domain", "StaX.Domain\StaX.Domain.csproj", "{7F116F96-5E01-4026-8355-E462DE45464E}"
EndProject
Global
	GlobalSection(SolutionConfigurationPlatforms) = preSolution
		Debug|Any CPU = Debug|Any CPU
		Release|Any CPU = Release|Any CPU
	EndGlobalSection
	GlobalSection(ProjectConfigurationPlatforms) = postSolution
		{7F116F96-5E01-4026-8355-E462DE45464E}.Debug|Any CPU.ActiveCfg = Debug|Any CPU
		{7F116F96-5E01-4026-8355-E462DE45464E}.Debug|Any CPU.Build.0 = Debug|Any CPU
		{7F116F96-5E01-4026-8355-E462DE45464E}.Release|Any CPU.ActiveCfg = Release|Any CPU
		{7F116F96-5E01-4026-8355-E462DE45464E}.Release|Any CPU.Build.0 = Release|Any CPU
	EndGlobalSection
	GlobalSection(SolutionProperties) = preSolution
		HideSolutionNode = FALSE
	EndGlobalSection
	GlobalSection(ExtensibilityGlobals) = postSolution
		SolutionGuid = {03615D5A-9581-43C7-B8A1-491AC1E7C545}
	EndGlobalSection
EndGlobal
